
Microsoft Visual Studio Solution File, Format Version 12.00
# Visual Studio 15
VisualStudioVersion = 15.0.27130.2027
MinimumVisualStudioVersion = 10.0.40219.1
Project("{9A19103F-16F7-4668-BE54-9A1E7A4F7556}") = "GladosV3", "GLaDOSV3\GladosV3.csproj", "{8F39F095-C020-496B-A0E8-ACBD70D39A7C}"
EndProject
Project("{9A19103F-16F7-4668-BE54-9A1E7A4F7556}") = "GladosV3.Module.Default", "GladosV3.Modules\GladosV3.Module.Default.csproj", "{EE19BBBE-B89F-4B64-9831-F0B8BBD9C5E7}"
EndProject
Project("{FAE04EC0-301F-11D3-BF4B-00C04F79EFBC}") = "GladosV3.Module.Music", "GladosV3.Module.Music\GladosV3.Module.Music.csproj", "{B47DBA3F-C21B-44FC-BE0C-0F66963BAE40}"
EndProject
Global
	GlobalSection(SolutionConfigurationPlatforms) = preSolution
		Debug|Any CPU = Debug|Any CPU
		Debug|x64 = Debug|x64
		Debug|x86 = Debug|x86
		Release|Any CPU = Release|Any CPU
		Release|x64 = Release|x64
		Release|x86 = Release|x86
	EndGlobalSection
	GlobalSection(ProjectConfigurationPlatforms) = postSolution
		{8F39F095-C020-496B-A0E8-ACBD70D39A7C}.Debug|Any CPU.ActiveCfg = Debug|Any CPU
		{8F39F095-C020-496B-A0E8-ACBD70D39A7C}.Debug|Any CPU.Build.0 = Debug|Any CPU
		{8F39F095-C020-496B-A0E8-ACBD70D39A7C}.Debug|x64.ActiveCfg = Debug|Any CPU
		{8F39F095-C020-496B-A0E8-ACBD70D39A7C}.Debug|x64.Build.0 = Debug|Any CPU
		{8F39F095-C020-496B-A0E8-ACBD70D39A7C}.Debug|x86.ActiveCfg = Debug|Any CPU
		{8F39F095-C020-496B-A0E8-ACBD70D39A7C}.Debug|x86.Build.0 = Debug|Any CPU
		{8F39F095-C020-496B-A0E8-ACBD70D39A7C}.Release|Any CPU.ActiveCfg = Release|Any CPU
		{8F39F095-C020-496B-A0E8-ACBD70D39A7C}.Release|Any CPU.Build.0 = Release|Any CPU
		{8F39F095-C020-496B-A0E8-ACBD70D39A7C}.Release|x64.ActiveCfg = Release|Any CPU
		{8F39F095-C020-496B-A0E8-ACBD70D39A7C}.Release|x64.Build.0 = Release|Any CPU
		{8F39F095-C020-496B-A0E8-ACBD70D39A7C}.Release|x86.ActiveCfg = Release|Any CPU
		{8F39F095-C020-496B-A0E8-ACBD70D39A7C}.Release|x86.Build.0 = Release|Any CPU
		{EE19BBBE-B89F-4B64-9831-F0B8BBD9C5E7}.Debug|Any CPU.ActiveCfg = Debug|Any CPU
		{EE19BBBE-B89F-4B64-9831-F0B8BBD9C5E7}.Debug|Any CPU.Build.0 = Debug|Any CPU
		{EE19BBBE-B89F-4B64-9831-F0B8BBD9C5E7}.Debug|x64.ActiveCfg = Debug|Any CPU
		{EE19BBBE-B89F-4B64-9831-F0B8BBD9C5E7}.Debug|x64.Build.0 = Debug|Any CPU
		{EE19BBBE-B89F-4B64-9831-F0B8BBD9C5E7}.Debug|x86.ActiveCfg = Debug|Any CPU
		{EE19BBBE-B89F-4B64-9831-F0B8BBD9C5E7}.Debug|x86.Build.0 = Debug|Any CPU
		{EE19BBBE-B89F-4B64-9831-F0B8BBD9C5E7}.Release|Any CPU.ActiveCfg = Release|Any CPU
		{EE19BBBE-B89F-4B64-9831-F0B8BBD9C5E7}.Release|Any CPU.Build.0 = Release|Any CPU
		{EE19BBBE-B89F-4B64-9831-F0B8BBD9C5E7}.Release|x64.ActiveCfg = Release|Any CPU
		{EE19BBBE-B89F-4B64-9831-F0B8BBD9C5E7}.Release|x64.Build.0 = Release|Any CPU
		{EE19BBBE-B89F-4B64-9831-F0B8BBD9C5E7}.Release|x86.ActiveCfg = Release|Any CPU
		{EE19BBBE-B89F-4B64-9831-F0B8BBD9C5E7}.Release|x86.Build.0 = Release|Any CPU
		{B47DBA3F-C21B-44FC-BE0C-0F66963BAE40}.Debug|Any CPU.ActiveCfg = Debug|Any CPU
		{B47DBA3F-C21B-44FC-BE0C-0F66963BAE40}.Debug|Any CPU.Build.0 = Debug|Any CPU
		{B47DBA3F-C21B-44FC-BE0C-0F66963BAE40}.Debug|x64.ActiveCfg = Debug|Any CPU
		{B47DBA3F-C21B-44FC-BE0C-0F66963BAE40}.Debug|x64.Build.0 = Debug|Any CPU
		{B47DBA3F-C21B-44FC-BE0C-0F66963BAE40}.Debug|x86.ActiveCfg = Debug|Any CPU
		{B47DBA3F-C21B-44FC-BE0C-0F66963BAE40}.Debug|x86.Build.0 = Debug|Any CPU
		{B47DBA3F-C21B-44FC-BE0C-0F66963BAE40}.Release|Any CPU.ActiveCfg = Release|Any CPU
		{B47DBA3F-C21B-44FC-BE0C-0F66963BAE40}.Release|Any CPU.Build.0 = Release|Any CPU
		{B47DBA3F-C21B-44FC-BE0C-0F66963BAE40}.Release|x64.ActiveCfg = Release|Any CPU
		{B47DBA3F-C21B-44FC-BE0C-0F66963BAE40}.Release|x64.Build.0 = Release|Any CPU
		{B47DBA3F-C21B-44FC-BE0C-0F66963BAE40}.Release|x86.ActiveCfg = Release|Any CPU
		{B47DBA3F-C21B-44FC-BE0C-0F66963BAE40}.Release|x86.Build.0 = Release|Any CPU
	EndGlobalSection
	GlobalSection(SolutionProperties) = preSolution
		HideSolutionNode = FALSE
	EndGlobalSection
	GlobalSection(ExtensibilityGlobals) = postSolution
		SolutionGuid = {E32C8939-5B27-4E20-8E69-B21B4E1112C5}
	EndGlobalSection
EndGlobal
