
Microsoft Visual Studio Solution File, Format Version 12.00
# Visual Studio Version 16
VisualStudioVersion = 16.0.29609.76
MinimumVisualStudioVersion = 10.0.40219.1
Project("{9A19103F-16F7-4668-BE54-9A1E7A4F7556}") = "GLaDOSV3", "GLaDOSV3\GLaDOSV3.csproj", "{8F39F095-C020-496B-A0E8-ACBD70D39A7C}"
EndProject
Project("{9A19103F-16F7-4668-BE54-9A1E7A4F7556}") = "GLaDOSV3.Module.Default", "GLaDOSV3.Module.Default\GLaDOSV3.Module.Default.csproj", "{EE19BBBE-B89F-4B64-9831-F0B8BBD9C5E7}"
EndProject
Project("{9A19103F-16F7-4668-BE54-9A1E7A4F7556}") = "GLaDOSV3.Module.Music", "GLaDOSV3.Module.Music\GLaDOSV3.Module.Music.csproj", "{9B78D683-0A58-48A7-A54C-65E87833DEF1}"
EndProject
Project("{9A19103F-16F7-4668-BE54-9A1E7A4F7556}") = "GLaDOSV3.Module.ImageGenerator", "GLaDOSV3.Module.ImageGenerator\GLaDOSV3.Module.ImageGenerator.csproj", "{5E86001E-5AC6-46C7-B304-B61F0F7AE09E}"
EndProject
Project("{9A19103F-16F7-4668-BE54-9A1E7A4F7556}") = "GLaDOSV3.Module.ServerBackup", "GLaDOSV3.Module.ServerBackup\GLaDOSV3.Module.ServerBackup.csproj", "{6CF7CCB5-D375-43E3-8383-E54347CC625C}"
EndProject
Project("{2150E333-8FDC-42A3-9474-1A3956D46DE8}") = "Solution Items", "Solution Items", "{1F3392C2-58FC-4163-A28B-DE2A0BB652B7}"
	ProjectSection(SolutionItems) = preProject
		.editorconfig = .editorconfig
	EndProjectSection
EndProject
Project("{9A19103F-16F7-4668-BE54-9A1E7A4F7556}") = "GLaDOSV3.Module.WinDocs", "GLaDOSV3.Module.WinDocs\GLaDOSV3.Module.WinDocs.csproj", "{CA5F14ED-C69F-4A0A-BC0E-F0C056679028}"
EndProject
Project("{9A19103F-16F7-4668-BE54-9A1E7A4F7556}") = "GLaDOSV3.Module.GTAService", "GLaDOSV3.Module.GTAService\GLaDOSV3.Module.GTAService.csproj", "{7430D54D-0491-4614-BCBB-703851DD1BA2}"
EndProject
Global
	GlobalSection(SolutionConfigurationPlatforms) = preSolution
		Debug|Any CPU = Debug|Any CPU
		Debug|x64 = Debug|x64
		Debug|x86 = Debug|x86
		Release|Any CPU = Release|Any CPU
		Release|x64 = Release|x64
		Release|x86 = Release|x86
	EndGlobalSection
	GlobalSection(ProjectConfigurationPlatforms) = postSolution
		{8F39F095-C020-496B-A0E8-ACBD70D39A7C}.Debug|Any CPU.ActiveCfg = Debug|Any CPU
		{8F39F095-C020-496B-A0E8-ACBD70D39A7C}.Debug|Any CPU.Build.0 = Debug|Any CPU
		{8F39F095-C020-496B-A0E8-ACBD70D39A7C}.Debug|x64.ActiveCfg = Debug|Any CPU
		{8F39F095-C020-496B-A0E8-ACBD70D39A7C}.Debug|x64.Build.0 = Debug|Any CPU
		{8F39F095-C020-496B-A0E8-ACBD70D39A7C}.Debug|x86.ActiveCfg = Debug|Any CPU
		{8F39F095-C020-496B-A0E8-ACBD70D39A7C}.Debug|x86.Build.0 = Debug|Any CPU
		{8F39F095-C020-496B-A0E8-ACBD70D39A7C}.Release|Any CPU.ActiveCfg = Release|Any CPU
		{8F39F095-C020-496B-A0E8-ACBD70D39A7C}.Release|Any CPU.Build.0 = Release|Any CPU
		{8F39F095-C020-496B-A0E8-ACBD70D39A7C}.Release|x64.ActiveCfg = Release|Any CPU
		{8F39F095-C020-496B-A0E8-ACBD70D39A7C}.Release|x64.Build.0 = Release|Any CPU
		{8F39F095-C020-496B-A0E8-ACBD70D39A7C}.Release|x86.ActiveCfg = Release|Any CPU
		{8F39F095-C020-496B-A0E8-ACBD70D39A7C}.Release|x86.Build.0 = Release|Any CPU
		{EE19BBBE-B89F-4B64-9831-F0B8BBD9C5E7}.Debug|Any CPU.ActiveCfg = Debug|Any CPU
		{EE19BBBE-B89F-4B64-9831-F0B8BBD9C5E7}.Debug|Any CPU.Build.0 = Debug|Any CPU
		{EE19BBBE-B89F-4B64-9831-F0B8BBD9C5E7}.Debug|x64.ActiveCfg = Debug|Any CPU
		{EE19BBBE-B89F-4B64-9831-F0B8BBD9C5E7}.Debug|x64.Build.0 = Debug|Any CPU
		{EE19BBBE-B89F-4B64-9831-F0B8BBD9C5E7}.Debug|x86.ActiveCfg = Debug|Any CPU
		{EE19BBBE-B89F-4B64-9831-F0B8BBD9C5E7}.Debug|x86.Build.0 = Debug|Any CPU
		{EE19BBBE-B89F-4B64-9831-F0B8BBD9C5E7}.Release|Any CPU.ActiveCfg = Release|Any CPU
		{EE19BBBE-B89F-4B64-9831-F0B8BBD9C5E7}.Release|Any CPU.Build.0 = Release|Any CPU
		{EE19BBBE-B89F-4B64-9831-F0B8BBD9C5E7}.Release|x64.ActiveCfg = Release|Any CPU
		{EE19BBBE-B89F-4B64-9831-F0B8BBD9C5E7}.Release|x64.Build.0 = Release|Any CPU
		{EE19BBBE-B89F-4B64-9831-F0B8BBD9C5E7}.Release|x86.ActiveCfg = Release|Any CPU
		{EE19BBBE-B89F-4B64-9831-F0B8BBD9C5E7}.Release|x86.Build.0 = Release|Any CPU
		{9B78D683-0A58-48A7-A54C-65E87833DEF1}.Debug|Any CPU.ActiveCfg = Debug|Any CPU
		{9B78D683-0A58-48A7-A54C-65E87833DEF1}.Debug|Any CPU.Build.0 = Debug|Any CPU
		{9B78D683-0A58-48A7-A54C-65E87833DEF1}.Debug|x64.ActiveCfg = Debug|Any CPU
		{9B78D683-0A58-48A7-A54C-65E87833DEF1}.Debug|x64.Build.0 = Debug|Any CPU
		{9B78D683-0A58-48A7-A54C-65E87833DEF1}.Debug|x86.ActiveCfg = Debug|Any CPU
		{9B78D683-0A58-48A7-A54C-65E87833DEF1}.Debug|x86.Build.0 = Debug|Any CPU
		{9B78D683-0A58-48A7-A54C-65E87833DEF1}.Release|Any CPU.ActiveCfg = Release|Any CPU
		{9B78D683-0A58-48A7-A54C-65E87833DEF1}.Release|Any CPU.Build.0 = Release|Any CPU
		{9B78D683-0A58-48A7-A54C-65E87833DEF1}.Release|x64.ActiveCfg = Release|Any CPU
		{9B78D683-0A58-48A7-A54C-65E87833DEF1}.Release|x64.Build.0 = Release|Any CPU
		{9B78D683-0A58-48A7-A54C-65E87833DEF1}.Release|x86.ActiveCfg = Release|Any CPU
		{9B78D683-0A58-48A7-A54C-65E87833DEF1}.Release|x86.Build.0 = Release|Any CPU
		{5E86001E-5AC6-46C7-B304-B61F0F7AE09E}.Debug|Any CPU.ActiveCfg = Debug|Any CPU
		{5E86001E-5AC6-46C7-B304-B61F0F7AE09E}.Debug|Any CPU.Build.0 = Debug|Any CPU
		{5E86001E-5AC6-46C7-B304-B61F0F7AE09E}.Debug|x64.ActiveCfg = Debug|Any CPU
		{5E86001E-5AC6-46C7-B304-B61F0F7AE09E}.Debug|x64.Build.0 = Debug|Any CPU
		{5E86001E-5AC6-46C7-B304-B61F0F7AE09E}.Debug|x86.ActiveCfg = Debug|Any CPU
		{5E86001E-5AC6-46C7-B304-B61F0F7AE09E}.Debug|x86.Build.0 = Debug|Any CPU
		{5E86001E-5AC6-46C7-B304-B61F0F7AE09E}.Release|Any CPU.ActiveCfg = Release|Any CPU
		{5E86001E-5AC6-46C7-B304-B61F0F7AE09E}.Release|Any CPU.Build.0 = Release|Any CPU
		{5E86001E-5AC6-46C7-B304-B61F0F7AE09E}.Release|x64.ActiveCfg = Release|Any CPU
		{5E86001E-5AC6-46C7-B304-B61F0F7AE09E}.Release|x64.Build.0 = Release|Any CPU
		{5E86001E-5AC6-46C7-B304-B61F0F7AE09E}.Release|x86.ActiveCfg = Release|Any CPU
		{5E86001E-5AC6-46C7-B304-B61F0F7AE09E}.Release|x86.Build.0 = Release|Any CPU
		{6CF7CCB5-D375-43E3-8383-E54347CC625C}.Debug|Any CPU.ActiveCfg = Debug|Any CPU
		{6CF7CCB5-D375-43E3-8383-E54347CC625C}.Debug|Any CPU.Build.0 = Debug|Any CPU
		{6CF7CCB5-D375-43E3-8383-E54347CC625C}.Debug|x64.ActiveCfg = Debug|Any CPU
		{6CF7CCB5-D375-43E3-8383-E54347CC625C}.Debug|x64.Build.0 = Debug|Any CPU
		{6CF7CCB5-D375-43E3-8383-E54347CC625C}.Debug|x86.ActiveCfg = Debug|Any CPU
		{6CF7CCB5-D375-43E3-8383-E54347CC625C}.Debug|x86.Build.0 = Debug|Any CPU
		{6CF7CCB5-D375-43E3-8383-E54347CC625C}.Release|Any CPU.ActiveCfg = Release|Any CPU
		{6CF7CCB5-D375-43E3-8383-E54347CC625C}.Release|Any CPU.Build.0 = Release|Any CPU
		{6CF7CCB5-D375-43E3-8383-E54347CC625C}.Release|x64.ActiveCfg = Release|Any CPU
		{6CF7CCB5-D375-43E3-8383-E54347CC625C}.Release|x64.Build.0 = Release|Any CPU
		{6CF7CCB5-D375-43E3-8383-E54347CC625C}.Release|x86.ActiveCfg = Release|Any CPU
		{6CF7CCB5-D375-43E3-8383-E54347CC625C}.Release|x86.Build.0 = Release|Any CPU
		{CA5F14ED-C69F-4A0A-BC0E-F0C056679028}.Debug|Any CPU.ActiveCfg = Debug|Any CPU
		{CA5F14ED-C69F-4A0A-BC0E-F0C056679028}.Debug|Any CPU.Build.0 = Debug|Any CPU
		{CA5F14ED-C69F-4A0A-BC0E-F0C056679028}.Debug|x64.ActiveCfg = Debug|Any CPU
		{CA5F14ED-C69F-4A0A-BC0E-F0C056679028}.Debug|x64.Build.0 = Debug|Any CPU
		{CA5F14ED-C69F-4A0A-BC0E-F0C056679028}.Debug|x86.ActiveCfg = Debug|Any CPU
		{CA5F14ED-C69F-4A0A-BC0E-F0C056679028}.Debug|x86.Build.0 = Debug|Any CPU
		{CA5F14ED-C69F-4A0A-BC0E-F0C056679028}.Release|Any CPU.ActiveCfg = Release|Any CPU
		{CA5F14ED-C69F-4A0A-BC0E-F0C056679028}.Release|Any CPU.Build.0 = Release|Any CPU
		{CA5F14ED-C69F-4A0A-BC0E-F0C056679028}.Release|x64.ActiveCfg = Release|Any CPU
		{CA5F14ED-C69F-4A0A-BC0E-F0C056679028}.Release|x64.Build.0 = Release|Any CPU
		{CA5F14ED-C69F-4A0A-BC0E-F0C056679028}.Release|x86.ActiveCfg = Release|Any CPU
		{CA5F14ED-C69F-4A0A-BC0E-F0C056679028}.Release|x86.Build.0 = Release|Any CPU
		{7430D54D-0491-4614-BCBB-703851DD1BA2}.Debug|Any CPU.ActiveCfg = Debug|Any CPU
		{7430D54D-0491-4614-BCBB-703851DD1BA2}.Debug|Any CPU.Build.0 = Debug|Any CPU
		{7430D54D-0491-4614-BCBB-703851DD1BA2}.Debug|x64.ActiveCfg = Debug|Any CPU
		{7430D54D-0491-4614-BCBB-703851DD1BA2}.Debug|x64.Build.0 = Debug|Any CPU
		{7430D54D-0491-4614-BCBB-703851DD1BA2}.Debug|x86.ActiveCfg = Debug|Any CPU
		{7430D54D-0491-4614-BCBB-703851DD1BA2}.Debug|x86.Build.0 = Debug|Any CPU
		{7430D54D-0491-4614-BCBB-703851DD1BA2}.Release|Any CPU.ActiveCfg = Release|Any CPU
		{7430D54D-0491-4614-BCBB-703851DD1BA2}.Release|Any CPU.Build.0 = Release|Any CPU
		{7430D54D-0491-4614-BCBB-703851DD1BA2}.Release|x64.ActiveCfg = Release|Any CPU
		{7430D54D-0491-4614-BCBB-703851DD1BA2}.Release|x64.Build.0 = Release|Any CPU
		{7430D54D-0491-4614-BCBB-703851DD1BA2}.Release|x86.ActiveCfg = Release|Any CPU
		{7430D54D-0491-4614-BCBB-703851DD1BA2}.Release|x86.Build.0 = Release|Any CPU
	EndGlobalSection
	GlobalSection(SolutionProperties) = preSolution
		HideSolutionNode = FALSE
	EndGlobalSection
	GlobalSection(ExtensibilityGlobals) = postSolution
		SolutionGuid = {E32C8939-5B27-4E20-8E69-B21B4E1112C5}
		BuildVersion_BuildVersioningStyle = Increment.Increment.Increment.MonthAndDayStamp
		BuildVersion_UpdateAssemblyVersion = True
		BuildVersion_UpdateFileVersion = True
		BuildVersion_StartDate = 2000/1/1
		BuildVersion_UseUniversalClock = True
	EndGlobalSection
EndGlobal
